
Microsoft Visual Studio Solution File, Format Version 12.00
# Visual Studio Version 17
VisualStudioVersion = 17.0.31903.59
MinimumVisualStudioVersion = 10.0.40219.1
Project("{2150E333-8FDC-42A3-9474-1A3956D46DE8}") = "BuildingBlocks", "BuildingBlocks", "{7266C4A9-E384-DC00-0EB6-47F6002CFBA7}"
EndProject
Project("{FAE04EC0-301F-11D3-BF4B-00C04F79EFBC}") = "BuildingBlocks.Domain", "BuildingBlocks\BuildingBlocks.Domain\BuildingBlocks.Domain.csproj", "{0FFAFA1F-42E7-4927-A5C8-DC3EA38E6519}"
EndProject
Project("{FAE04EC0-301F-11D3-BF4B-00C04F79EFBC}") = "BuildingBlocks.Application", "BuildingBlocks\BuildingBlocks.Application\BuildingBlocks.Application.csproj", "{BAABB113-E50E-466A-8242-ABB85A9D2617}"
EndProject
Project("{FAE04EC0-301F-11D3-BF4B-00C04F79EFBC}") = "BuildingBlocks.Infrastructure", "BuildingBlocks\BuildingBlocks.Infrastructure\BuildingBlocks.Infrastructure.csproj", "{37A6A793-51FD-4D0D-B54E-2DFD0A64F72D}"
EndProject
Project("{FAE04EC0-301F-11D3-BF4B-00C04F79EFBC}") = "BuildingBlocks.Resources", "BuildingBlocks\BuildingBlocks.Resources\BuildingBlocks.Resources.csproj", "{CD53A6B2-0CF4-4808-9DEC-667C8401B3FF}"
EndProject
Project("{2150E333-8FDC-42A3-9474-1A3956D46DE8}") = "CleanArchProject", "CleanArchProject", "{A1CBE66C-02F7-70B4-7B4B-5E7A88F5356D}"
EndProject
Project("{FAE04EC0-301F-11D3-BF4B-00C04F79EFBC}") = "CleanArchProject.Domain", "CleanArchProject\CleanArchProject.Domain\CleanArchProject.Domain.csproj", "{DC025AB7-16D3-4F68-8269-C89D73080244}"
EndProject
Project("{FAE04EC0-301F-11D3-BF4B-00C04F79EFBC}") = "CleanArchProject.Application", "CleanArchProject\CleanArchProject.Application\CleanArchProject.Application.csproj", "{DC749E5A-2F90-4B7C-9D89-EF804F9A870C}"
EndProject
Project("{FAE04EC0-301F-11D3-BF4B-00C04F79EFBC}") = "CleanArchProject.Infrastructure", "CleanArchProject\CleanArchProject.Infrastructure\CleanArchProject.Infrastructure.csproj", "{ED9725B3-1FF0-4FB3-9E3E-CB9F456ADC97}"
EndProject
Project("{FAE04EC0-301F-11D3-BF4B-00C04F79EFBC}") = "CleanArchProject.Resources", "CleanArchProject\CleanArchProject.Resources\CleanArchProject.Resources.csproj", "{9F0B0EAF-7015-48AC-9CDC-4FAD06BB51FA}"
EndProject
Project("{FAE04EC0-301F-11D3-BF4B-00C04F79EFBC}") = "CleanArchProject.API", "CleanArchProject\CleanArchProject.API\CleanArchProject.API.csproj", "{52129B2B-BDA4-4958-89D3-C1A1CBF67FED}"
EndProject
Global
	GlobalSection(SolutionConfigurationPlatforms) = preSolution
		Debug|Any CPU = Debug|Any CPU
		Debug|x64 = Debug|x64
		Debug|x86 = Debug|x86
		Release|Any CPU = Release|Any CPU
		Release|x64 = Release|x64
		Release|x86 = Release|x86
	EndGlobalSection
	GlobalSection(ProjectConfigurationPlatforms) = postSolution
		{0FFAFA1F-42E7-4927-A5C8-DC3EA38E6519}.Debug|Any CPU.ActiveCfg = Debug|Any CPU
		{0FFAFA1F-42E7-4927-A5C8-DC3EA38E6519}.Debug|Any CPU.Build.0 = Debug|Any CPU
		{0FFAFA1F-42E7-4927-A5C8-DC3EA38E6519}.Debug|x64.ActiveCfg = Debug|Any CPU
		{0FFAFA1F-42E7-4927-A5C8-DC3EA38E6519}.Debug|x64.Build.0 = Debug|Any CPU
		{0FFAFA1F-42E7-4927-A5C8-DC3EA38E6519}.Debug|x86.ActiveCfg = Debug|Any CPU
		{0FFAFA1F-42E7-4927-A5C8-DC3EA38E6519}.Debug|x86.Build.0 = Debug|Any CPU
		{0FFAFA1F-42E7-4927-A5C8-DC3EA38E6519}.Release|Any CPU.ActiveCfg = Release|Any CPU
		{0FFAFA1F-42E7-4927-A5C8-DC3EA38E6519}.Release|Any CPU.Build.0 = Release|Any CPU
		{0FFAFA1F-42E7-4927-A5C8-DC3EA38E6519}.Release|x64.ActiveCfg = Release|Any CPU
		{0FFAFA1F-42E7-4927-A5C8-DC3EA38E6519}.Release|x64.Build.0 = Release|Any CPU
		{0FFAFA1F-42E7-4927-A5C8-DC3EA38E6519}.Release|x86.ActiveCfg = Release|Any CPU
		{0FFAFA1F-42E7-4927-A5C8-DC3EA38E6519}.Release|x86.Build.0 = Release|Any CPU
		{BAABB113-E50E-466A-8242-ABB85A9D2617}.Debug|Any CPU.ActiveCfg = Debug|Any CPU
		{BAABB113-E50E-466A-8242-ABB85A9D2617}.Debug|Any CPU.Build.0 = Debug|Any CPU
		{BAABB113-E50E-466A-8242-ABB85A9D2617}.Debug|x64.ActiveCfg = Debug|Any CPU
		{BAABB113-E50E-466A-8242-ABB85A9D2617}.Debug|x64.Build.0 = Debug|Any CPU
		{BAABB113-E50E-466A-8242-ABB85A9D2617}.Debug|x86.ActiveCfg = Debug|Any CPU
		{BAABB113-E50E-466A-8242-ABB85A9D2617}.Debug|x86.Build.0 = Debug|Any CPU
		{BAABB113-E50E-466A-8242-ABB85A9D2617}.Release|Any CPU.ActiveCfg = Release|Any CPU
		{BAABB113-E50E-466A-8242-ABB85A9D2617}.Release|Any CPU.Build.0 = Release|Any CPU
		{BAABB113-E50E-466A-8242-ABB85A9D2617}.Release|x64.ActiveCfg = Release|Any CPU
		{BAABB113-E50E-466A-8242-ABB85A9D2617}.Release|x64.Build.0 = Release|Any CPU
		{BAABB113-E50E-466A-8242-ABB85A9D2617}.Release|x86.ActiveCfg = Release|Any CPU
		{BAABB113-E50E-466A-8242-ABB85A9D2617}.Release|x86.Build.0 = Release|Any CPU
		{37A6A793-51FD-4D0D-B54E-2DFD0A64F72D}.Debug|Any CPU.ActiveCfg = Debug|Any CPU
		{37A6A793-51FD-4D0D-B54E-2DFD0A64F72D}.Debug|Any CPU.Build.0 = Debug|Any CPU
		{37A6A793-51FD-4D0D-B54E-2DFD0A64F72D}.Debug|x64.ActiveCfg = Debug|Any CPU
		{37A6A793-51FD-4D0D-B54E-2DFD0A64F72D}.Debug|x64.Build.0 = Debug|Any CPU
		{37A6A793-51FD-4D0D-B54E-2DFD0A64F72D}.Debug|x86.ActiveCfg = Debug|Any CPU
		{37A6A793-51FD-4D0D-B54E-2DFD0A64F72D}.Debug|x86.Build.0 = Debug|Any CPU
		{37A6A793-51FD-4D0D-B54E-2DFD0A64F72D}.Release|Any CPU.ActiveCfg = Release|Any CPU
		{37A6A793-51FD-4D0D-B54E-2DFD0A64F72D}.Release|Any CPU.Build.0 = Release|Any CPU
		{37A6A793-51FD-4D0D-B54E-2DFD0A64F72D}.Release|x64.ActiveCfg = Release|Any CPU
		{37A6A793-51FD-4D0D-B54E-2DFD0A64F72D}.Release|x64.Build.0 = Release|Any CPU
		{37A6A793-51FD-4D0D-B54E-2DFD0A64F72D}.Release|x86.ActiveCfg = Release|Any CPU
		{37A6A793-51FD-4D0D-B54E-2DFD0A64F72D}.Release|x86.Build.0 = Release|Any CPU
		{CD53A6B2-0CF4-4808-9DEC-667C8401B3FF}.Debug|Any CPU.ActiveCfg = Debug|Any CPU
		{CD53A6B2-0CF4-4808-9DEC-667C8401B3FF}.Debug|Any CPU.Build.0 = Debug|Any CPU
		{CD53A6B2-0CF4-4808-9DEC-667C8401B3FF}.Debug|x64.ActiveCfg = Debug|Any CPU
		{CD53A6B2-0CF4-4808-9DEC-667C8401B3FF}.Debug|x64.Build.0 = Debug|Any CPU
		{CD53A6B2-0CF4-4808-9DEC-667C8401B3FF}.Debug|x86.ActiveCfg = Debug|Any CPU
		{CD53A6B2-0CF4-4808-9DEC-667C8401B3FF}.Debug|x86.Build.0 = Debug|Any CPU
		{CD53A6B2-0CF4-4808-9DEC-667C8401B3FF}.Release|Any CPU.ActiveCfg = Release|Any CPU
		{CD53A6B2-0CF4-4808-9DEC-667C8401B3FF}.Release|Any CPU.Build.0 = Release|Any CPU
		{CD53A6B2-0CF4-4808-9DEC-667C8401B3FF}.Release|x64.ActiveCfg = Release|Any CPU
		{CD53A6B2-0CF4-4808-9DEC-667C8401B3FF}.Release|x64.Build.0 = Release|Any CPU
		{CD53A6B2-0CF4-4808-9DEC-667C8401B3FF}.Release|x86.ActiveCfg = Release|Any CPU
		{CD53A6B2-0CF4-4808-9DEC-667C8401B3FF}.Release|x86.Build.0 = Release|Any CPU
		{DC025AB7-16D3-4F68-8269-C89D73080244}.Debug|Any CPU.ActiveCfg = Debug|Any CPU
		{DC025AB7-16D3-4F68-8269-C89D73080244}.Debug|Any CPU.Build.0 = Debug|Any CPU
		{DC025AB7-16D3-4F68-8269-C89D73080244}.Debug|x64.ActiveCfg = Debug|Any CPU
		{DC025AB7-16D3-4F68-8269-C89D73080244}.Debug|x64.Build.0 = Debug|Any CPU
		{DC025AB7-16D3-4F68-8269-C89D73080244}.Debug|x86.ActiveCfg = Debug|Any CPU
		{DC025AB7-16D3-4F68-8269-C89D73080244}.Debug|x86.Build.0 = Debug|Any CPU
		{DC025AB7-16D3-4F68-8269-C89D73080244}.Release|Any CPU.ActiveCfg = Release|Any CPU
		{DC025AB7-16D3-4F68-8269-C89D73080244}.Release|Any CPU.Build.0 = Release|Any CPU
		{DC025AB7-16D3-4F68-8269-C89D73080244}.Release|x64.ActiveCfg = Release|Any CPU
		{DC025AB7-16D3-4F68-8269-C89D73080244}.Release|x64.Build.0 = Release|Any CPU
		{DC025AB7-16D3-4F68-8269-C89D73080244}.Release|x86.ActiveCfg = Release|Any CPU
		{DC025AB7-16D3-4F68-8269-C89D73080244}.Release|x86.Build.0 = Release|Any CPU
		{DC749E5A-2F90-4B7C-9D89-EF804F9A870C}.Debug|Any CPU.ActiveCfg = Debug|Any CPU
		{DC749E5A-2F90-4B7C-9D89-EF804F9A870C}.Debug|Any CPU.Build.0 = Debug|Any CPU
		{DC749E5A-2F90-4B7C-9D89-EF804F9A870C}.Debug|x64.ActiveCfg = Debug|Any CPU
		{DC749E5A-2F90-4B7C-9D89-EF804F9A870C}.Debug|x64.Build.0 = Debug|Any CPU
		{DC749E5A-2F90-4B7C-9D89-EF804F9A870C}.Debug|x86.ActiveCfg = Debug|Any CPU
		{DC749E5A-2F90-4B7C-9D89-EF804F9A870C}.Debug|x86.Build.0 = Debug|Any CPU
		{DC749E5A-2F90-4B7C-9D89-EF804F9A870C}.Release|Any CPU.ActiveCfg = Release|Any CPU
		{DC749E5A-2F90-4B7C-9D89-EF804F9A870C}.Release|Any CPU.Build.0 = Release|Any CPU
		{DC749E5A-2F90-4B7C-9D89-EF804F9A870C}.Release|x64.ActiveCfg = Release|Any CPU
		{DC749E5A-2F90-4B7C-9D89-EF804F9A870C}.Release|x64.Build.0 = Release|Any CPU
		{DC749E5A-2F90-4B7C-9D89-EF804F9A870C}.Release|x86.ActiveCfg = Release|Any CPU
		{DC749E5A-2F90-4B7C-9D89-EF804F9A870C}.Release|x86.Build.0 = Release|Any CPU
		{ED9725B3-1FF0-4FB3-9E3E-CB9F456ADC97}.Debug|Any CPU.ActiveCfg = Debug|Any CPU
		{ED9725B3-1FF0-4FB3-9E3E-CB9F456ADC97}.Debug|Any CPU.Build.0 = Debug|Any CPU
		{ED9725B3-1FF0-4FB3-9E3E-CB9F456ADC97}.Debug|x64.ActiveCfg = Debug|Any CPU
		{ED9725B3-1FF0-4FB3-9E3E-CB9F456ADC97}.Debug|x64.Build.0 = Debug|Any CPU
		{ED9725B3-1FF0-4FB3-9E3E-CB9F456ADC97}.Debug|x86.ActiveCfg = Debug|Any CPU
		{ED9725B3-1FF0-4FB3-9E3E-CB9F456ADC97}.Debug|x86.Build.0 = Debug|Any CPU
		{ED9725B3-1FF0-4FB3-9E3E-CB9F456ADC97}.Release|Any CPU.ActiveCfg = Release|Any CPU
		{ED9725B3-1FF0-4FB3-9E3E-CB9F456ADC97}.Release|Any CPU.Build.0 = Release|Any CPU
		{ED9725B3-1FF0-4FB3-9E3E-CB9F456ADC97}.Release|x64.ActiveCfg = Release|Any CPU
		{ED9725B3-1FF0-4FB3-9E3E-CB9F456ADC97}.Release|x64.Build.0 = Release|Any CPU
		{ED9725B3-1FF0-4FB3-9E3E-CB9F456ADC97}.Release|x86.ActiveCfg = Release|Any CPU
		{ED9725B3-1FF0-4FB3-9E3E-CB9F456ADC97}.Release|x86.Build.0 = Release|Any CPU
		{9F0B0EAF-7015-48AC-9CDC-4FAD06BB51FA}.Debug|Any CPU.ActiveCfg = Debug|Any CPU
		{9F0B0EAF-7015-48AC-9CDC-4FAD06BB51FA}.Debug|Any CPU.Build.0 = Debug|Any CPU
		{9F0B0EAF-7015-48AC-9CDC-4FAD06BB51FA}.Debug|x64.ActiveCfg = Debug|Any CPU
		{9F0B0EAF-7015-48AC-9CDC-4FAD06BB51FA}.Debug|x64.Build.0 = Debug|Any CPU
		{9F0B0EAF-7015-48AC-9CDC-4FAD06BB51FA}.Debug|x86.ActiveCfg = Debug|Any CPU
		{9F0B0EAF-7015-48AC-9CDC-4FAD06BB51FA}.Debug|x86.Build.0 = Debug|Any CPU
		{9F0B0EAF-7015-48AC-9CDC-4FAD06BB51FA}.Release|Any CPU.ActiveCfg = Release|Any CPU
		{9F0B0EAF-7015-48AC-9CDC-4FAD06BB51FA}.Release|Any CPU.Build.0 = Release|Any CPU
		{9F0B0EAF-7015-48AC-9CDC-4FAD06BB51FA}.Release|x64.ActiveCfg = Release|Any CPU
		{9F0B0EAF-7015-48AC-9CDC-4FAD06BB51FA}.Release|x64.Build.0 = Release|Any CPU
		{9F0B0EAF-7015-48AC-9CDC-4FAD06BB51FA}.Release|x86.ActiveCfg = Release|Any CPU
		{9F0B0EAF-7015-48AC-9CDC-4FAD06BB51FA}.Release|x86.Build.0 = Release|Any CPU
		{52129B2B-BDA4-4958-89D3-C1A1CBF67FED}.Debug|Any CPU.ActiveCfg = Debug|Any CPU
		{52129B2B-BDA4-4958-89D3-C1A1CBF67FED}.Debug|Any CPU.Build.0 = Debug|Any CPU
		{52129B2B-BDA4-4958-89D3-C1A1CBF67FED}.Debug|x64.ActiveCfg = Debug|Any CPU
		{52129B2B-BDA4-4958-89D3-C1A1CBF67FED}.Debug|x64.Build.0 = Debug|Any CPU
		{52129B2B-BDA4-4958-89D3-C1A1CBF67FED}.Debug|x86.ActiveCfg = Debug|Any CPU
		{52129B2B-BDA4-4958-89D3-C1A1CBF67FED}.Debug|x86.Build.0 = Debug|Any CPU
		{52129B2B-BDA4-4958-89D3-C1A1CBF67FED}.Release|Any CPU.ActiveCfg = Release|Any CPU
		{52129B2B-BDA4-4958-89D3-C1A1CBF67FED}.Release|Any CPU.Build.0 = Release|Any CPU
		{52129B2B-BDA4-4958-89D3-C1A1CBF67FED}.Release|x64.ActiveCfg = Release|Any CPU
		{52129B2B-BDA4-4958-89D3-C1A1CBF67FED}.Release|x64.Build.0 = Release|Any CPU
		{52129B2B-BDA4-4958-89D3-C1A1CBF67FED}.Release|x86.ActiveCfg = Release|Any CPU
		{52129B2B-BDA4-4958-89D3-C1A1CBF67FED}.Release|x86.Build.0 = Release|Any CPU
	EndGlobalSection
	GlobalSection(SolutionProperties) = preSolution
		HideSolutionNode = FALSE
	EndGlobalSection
	GlobalSection(NestedProjects) = preSolution
		{0FFAFA1F-42E7-4927-A5C8-DC3EA38E6519} = {7266C4A9-E384-DC00-0EB6-47F6002CFBA7}
		{BAABB113-E50E-466A-8242-ABB85A9D2617} = {7266C4A9-E384-DC00-0EB6-47F6002CFBA7}
		{37A6A793-51FD-4D0D-B54E-2DFD0A64F72D} = {7266C4A9-E384-DC00-0EB6-47F6002CFBA7}
		{CD53A6B2-0CF4-4808-9DEC-667C8401B3FF} = {7266C4A9-E384-DC00-0EB6-47F6002CFBA7}
		{DC025AB7-16D3-4F68-8269-C89D73080244} = {A1CBE66C-02F7-70B4-7B4B-5E7A88F5356D}
		{DC749E5A-2F90-4B7C-9D89-EF804F9A870C} = {A1CBE66C-02F7-70B4-7B4B-5E7A88F5356D}
		{ED9725B3-1FF0-4FB3-9E3E-CB9F456ADC97} = {A1CBE66C-02F7-70B4-7B4B-5E7A88F5356D}
		{9F0B0EAF-7015-48AC-9CDC-4FAD06BB51FA} = {A1CBE66C-02F7-70B4-7B4B-5E7A88F5356D}
		{52129B2B-BDA4-4958-89D3-C1A1CBF67FED} = {A1CBE66C-02F7-70B4-7B4B-5E7A88F5356D}
	EndGlobalSection
EndGlobal
